
Microsoft Visual Studio Solution File, Format Version 12.00
# Visual Studio Version 17
VisualStudioVersion = 17.1.32319.34
MinimumVisualStudioVersion = 10.0.40219.1
Project("{9A19103F-16F7-4668-BE54-9A1E7A4F7556}") = "Task 01", "Task 01\Task 01.csproj", "{9570A10A-F5FC-4851-9061-11E9662DE46F}"
EndProject
Project("{9A19103F-16F7-4668-BE54-9A1E7A4F7556}") = "Task 02", "Task 02\Task 02.csproj", "{03DBB177-839F-4F5C-A92F-2CD5FBE8D49A}"
EndProject
Project("{FAE04EC0-301F-11D3-BF4B-00C04F79EFBC}") = "Task 03", "Task 03\Task 03.csproj", "{9B0733D1-E8FA-442E-90D5-9D1BCF46A384}"
EndProject
Global
	GlobalSection(SolutionConfigurationPlatforms) = preSolution
		Debug|Any CPU = Debug|Any CPU
		Release|Any CPU = Release|Any CPU
	EndGlobalSection
	GlobalSection(ProjectConfigurationPlatforms) = postSolution
		{9570A10A-F5FC-4851-9061-11E9662DE46F}.Debug|Any CPU.ActiveCfg = Debug|Any CPU
		{9570A10A-F5FC-4851-9061-11E9662DE46F}.Debug|Any CPU.Build.0 = Debug|Any CPU
		{9570A10A-F5FC-4851-9061-11E9662DE46F}.Release|Any CPU.ActiveCfg = Release|Any CPU
		{9570A10A-F5FC-4851-9061-11E9662DE46F}.Release|Any CPU.Build.0 = Release|Any CPU
		{03DBB177-839F-4F5C-A92F-2CD5FBE8D49A}.Debug|Any CPU.ActiveCfg = Debug|Any CPU
		{03DBB177-839F-4F5C-A92F-2CD5FBE8D49A}.Debug|Any CPU.Build.0 = Debug|Any CPU
		{03DBB177-839F-4F5C-A92F-2CD5FBE8D49A}.Release|Any CPU.ActiveCfg = Release|Any CPU
		{03DBB177-839F-4F5C-A92F-2CD5FBE8D49A}.Release|Any CPU.Build.0 = Release|Any CPU
		{9B0733D1-E8FA-442E-90D5-9D1BCF46A384}.Debug|Any CPU.ActiveCfg = Debug|Any CPU
		{9B0733D1-E8FA-442E-90D5-9D1BCF46A384}.Debug|Any CPU.Build.0 = Debug|Any CPU
		{9B0733D1-E8FA-442E-90D5-9D1BCF46A384}.Release|Any CPU.ActiveCfg = Release|Any CPU
		{9B0733D1-E8FA-442E-90D5-9D1BCF46A384}.Release|Any CPU.Build.0 = Release|Any CPU
	EndGlobalSection
	GlobalSection(SolutionProperties) = preSolution
		HideSolutionNode = FALSE
	EndGlobalSection
	GlobalSection(ExtensibilityGlobals) = postSolution
		SolutionGuid = {DA7112D9-43BA-484A-AAC1-F9D5E1C63F9B}
	EndGlobalSection
EndGlobal
